{
  "name": "@reventless/rescript-node-zlib",
  "version": "1.0.0",
  "lockfileVersion": 3,
  "requires": true,
  "packages": {
    "": {
      "name": "@reventless/rescript-node-zlib",
      "version": "1.0.0",
      "license": "MIT",
      "dependencies": {
        "@rescript/std": "^11.1.4",
        "@reventless/rescript-node-streams": "^1.0.0"
      },
      "devDependencies": {
        "rescript": "^11.1.4"
      },
      "peerDependencies": {
        "@rescript/std": "^11.1.4",
        "rescript": "^11.1.4"
      }
    },
    "node_modules/@rescript/std": {
      "version": "11.1.4",
      "resolved": "https://registry.npmjs.org/@rescript/std/-/std-11.1.4.tgz",
      "integrity": "sha512-coR+xPh0fS4Mx0bDFUG8I9KhYv7FEXISKa775jvqVeus1zlVJjYf19/qj7mTzgrRmyCnxKBRvrfAM/BXYNUFCQ=="
    },
    "node_modules/@reventless/rescript-node-streams": {
      "version": "1.0.0-rescript11.0",
      "resolved": "https://gitlab.com/api/v4/projects/24127696/packages/npm/@reventless/rescript-node-streams/-/@reventless/rescript-node-streams-1.0.0-rescript11.0.tgz",
      "integrity": "sha1-7NDrqoaZ/QKLp4p2+H/bhOpxu+M=",
      "dependencies": {
        "@rescript/std": "^11.1.4"
      },
      "peerDependencies": {
        "@rescript/std": "^11.1.4",
        "rescript": "^11.1.4"
      }
    },
    "node_modules/rescript": {
      "version": "11.1.4",
      "resolved": "https://registry.npmjs.org/rescript/-/rescript-11.1.4.tgz",
      "integrity": "sha512-0bGU0bocihjSC6MsE3TMjHjY0EUpchyrREquLS8VsZ3ohSMD+VHUEwimEfB3kpBI1vYkw3UFZ3WD8R28guz/Vw==",
      "hasInstallScript": true,
      "bin": {
        "bsc": "bsc",
        "bstracing": "lib/bstracing",
        "rescript": "rescript"
      },
      "engines": {
        "node": ">=10"
      }
    }
  }
}
