{
  "name": "@reventless/reventless-spec",
  "version": "1.0.0-ap1.1",
  "lockfileVersion": 1,
  "requires": true,
  "dependencies": {
    "@reventless/bs-pulumi-pulumi": {
      "version": "1.0.0-alpha.0",
      "resolved": "https://gitlab.com/api/v4/projects/24127696/packages/npm/@reventless/bs-pulumi-pulumi/-/@reventless/bs-pulumi-pulumi-1.0.0-alpha.0.tgz",
      "integrity": "sha1-IuQmDBnT4PqlIZrVRq3Wag0g1Uc="
    },
    "@ryb73/decco": {
      "version": "0.0.12",
      "resolved": "https://registry.npmjs.org/@ryb73/decco/-/decco-0.0.12.tgz",
      "integrity": "sha512-I9Fo8JTq4eSfsaz987ewaGpy6SDGdiDF5HepPcLLtV1D46TK3jupr0TruS5ut39BqRS8Sqx38XdbpzN5x3pdnQ==",
      "requires": {
        "bs-platform": "^5.0.3"
      }
    },
    "bs-platform": {
      "version": "5.2.1",
      "resolved": "https://registry.npmjs.org/bs-platform/-/bs-platform-5.2.1.tgz",
      "integrity": "sha512-3ISP+RBC/NYILiJnphCY0W3RTYpQ11JGa2dBBLVug5fpFZ0qtSaL3ZplD8MyjNeXX2bC7xgrWfgBSn8Tc9om7Q=="
    }
  }
}
