{
  "name": "@reventless/reventless-spec",
  "version": "1.3.0-rescript.1",
  "lockfileVersion": 2,
  "requires": true,
  "packages": {
    "": {
      "name": "@reventless/reventless-spec",
      "version": "1.3.0-rescript.1",
      "license": "proprietary",
      "dependencies": {
        "decco": "1.6.0"
      },
      "devDependencies": {
        "bs-platform": "^8.4.2"
      },
      "peerDependencies": {
        "bs-platform": "^8.4.2"
      }
    },
    "node_modules/bs-platform": {
      "version": "8.4.2",
      "resolved": "https://registry.npmjs.org/bs-platform/-/bs-platform-8.4.2.tgz",
      "integrity": "sha512-9q7S4/LLV/a68CweN382NJdCCr/lOSsJR3oQYnmPK98ChfO/AdiA3lYQkQTp6T+U0I5Z5RypUAUprNstwDtMDQ==",
      "hasInstallScript": true,
      "bin": {
        "bsb": "bsb",
        "bsc": "bsc",
        "bsrefmt": "bsrefmt",
        "bstracing": "lib/bstracing"
      }
    },
    "node_modules/decco": {
      "version": "1.6.0",
      "resolved": "https://registry.npmjs.org/decco/-/decco-1.6.0.tgz",
      "integrity": "sha512-gdeDDPOh45Hz8YGvTkDP7ySo3Ll3ty+KfuFj21+jRbiCoE8HTCNB++pozCiMljxJx39CfvrHRYBY5FO5PMyXzw==",
      "hasInstallScript": true,
      "peerDependencies": {
        "bs-platform": "6 || 7 || 8 || 9"
      }
    }
  },
  "dependencies": {
    "bs-platform": {
      "version": "8.4.2",
      "resolved": "https://registry.npmjs.org/bs-platform/-/bs-platform-8.4.2.tgz",
      "integrity": "sha512-9q7S4/LLV/a68CweN382NJdCCr/lOSsJR3oQYnmPK98ChfO/AdiA3lYQkQTp6T+U0I5Z5RypUAUprNstwDtMDQ=="
    },
    "decco": {
      "version": "1.6.0",
      "resolved": "https://registry.npmjs.org/decco/-/decco-1.6.0.tgz",
      "integrity": "sha512-gdeDDPOh45Hz8YGvTkDP7ySo3Ll3ty+KfuFj21+jRbiCoE8HTCNB++pozCiMljxJx39CfvrHRYBY5FO5PMyXzw==",
      "requires": {}
    }
  }
}