{
  "name": "aws-lambda-layer",
  "version": "0.0.2-alpha.0",
  "lockfileVersion": 3,
  "requires": true,
  "packages": {
    "": {
      "name": "aws-lambda-layer",
      "version": "0.0.2-alpha.0",
      "license": "UNLICENSED",
      "dependencies": {
        "treeverse": "^3.0.0"
      }
    },
    "node_modules/treeverse": {
      "version": "3.0.0",
      "license": "ISC",
      "engines": {
        "node": "^14.17.0 || ^16.13.0 || >=18.0.0"
      }
    }
  }
}
